
Microsoft Visual Studio Solution File, Format Version 12.00
# Visual Studio Version 17
VisualStudioVersion = 17.12.35514.174 d17.12
MinimumVisualStudioVersion = 10.0.40219.1
Project("{FAE04EC0-301F-11D3-BF4B-00C04F79EFBC}") = "ПМ.05", "ПМ.05.csproj", "{DD23C90B-C83F-4C50-BF96-49E5B2A6F246}"
EndProject
Global
	GlobalSection(SolutionConfigurationPlatforms) = preSolution
		Debug|Any CPU = Debug|Any CPU
		Release|Any CPU = Release|Any CPU
	EndGlobalSection
	GlobalSection(ProjectConfigurationPlatforms) = postSolution
		{DD23C90B-C83F-4C50-BF96-49E5B2A6F246}.Debug|Any CPU.ActiveCfg = Debug|Any CPU
		{DD23C90B-C83F-4C50-BF96-49E5B2A6F246}.Debug|Any CPU.Build.0 = Debug|Any CPU
		{DD23C90B-C83F-4C50-BF96-49E5B2A6F246}.Release|Any CPU.ActiveCfg = Release|Any CPU
		{DD23C90B-C83F-4C50-BF96-49E5B2A6F246}.Release|Any CPU.Build.0 = Release|Any CPU
	EndGlobalSection
	GlobalSection(SolutionProperties) = preSolution
		HideSolutionNode = FALSE
	EndGlobalSection
EndGlobal
